PODS:
  - Alamofire (3.4.0)
  - Crashlytics (3.7.2):
    - Fabric (~> 1.6.3)
  - Fabric (1.6.7)

DEPENDENCIES:
  - Alamofire (~> 3.4)
  - Crashlytics
  - Fabric

SPEC CHECKSUMS:
  Alamofire: c19a627cefd6a95f840401c49ab1f124e07f54ee
  Crashlytics: 130ab943f8c78cda7a814b434f270b2e2c8a3cba
  Fabric: caf7580c725e64db144f610ac65cd60956911dc7

PODFILE CHECKSUM: 868e3939619d4220b4f0a34632937eabb00c631b

COCOAPODS: 1.0.1
