PODS:
  - Crashlytics (3.7.2):
    - Fabric (~> 1.6.3)
  - Fabric (1.6.7)
  - GrowingTextView (0.1.6)
  - Kingfisher (2.4.2)
  - SwiftyJSON (2.3.2)

DEPENDENCIES:
  - Crashlytics
  - Fabric
  - GrowingTextView
  - Kingfisher (~> 2.4)
  - SwiftyJSON (from `https://github.com/SwiftyJSON/SwiftyJSON.git`)

EXTERNAL SOURCES:
  SwiftyJSON:
    :git: https://github.com/SwiftyJSON/SwiftyJSON.git

CHECKOUT OPTIONS:
  SwiftyJSON:
    :commit: 73670b94292b8d8496c398a973f56ac67789ba9f
    :git: https://github.com/SwiftyJSON/SwiftyJSON.git

SPEC CHECKSUMS:
  Crashlytics: 130ab943f8c78cda7a814b434f270b2e2c8a3cba
  Fabric: caf7580c725e64db144f610ac65cd60956911dc7
  GrowingTextView: 5b431583ba0a401797d3edc8e4af1e2854aaa4e9
  Kingfisher: 05bf8d04408aaa70fcd2c8c81b9f1d0f1ad313dd
  SwiftyJSON: 04ccea08915aa0109039157c7974cf0298da292a

PODFILE CHECKSUM: 5bf1c65339f72a39aa82ea82770a433999842f5c

COCOAPODS: 1.0.1
