// !$*UTF8*$!
{
	archiveVersion = 1;
	classes = {
	};
	objectVersion = 46;
	objects = {

/* Begin PBXBuildFile section */
		3FA6C9CD61B2A2D4EA98258B /* Pods_RANE_App.framework in Frameworks */ = {isa = PBXBuildFile; fileRef = F3DB8BDE0A65C6A91A98A886 /* Pods_RANE_App.framework */; };
		A05C5C6B1D5C580000FA6817 /* ListViewController.swift in Sources */ = {isa = PBXBuildFile; fileRef = A05C5C6A1D5C580000FA6817 /* ListViewController.swift */; };
		A05C5C6D1D5C844400FA6817 /* CustomListCell.swift in Sources */ = {isa = PBXBuildFile; fileRef = A05C5C6C1D5C844400FA6817 /* CustomListCell.swift */; };
		A0A9F9E51D6D9047003A6E30 /* DetailViewCell.swift in Sources */ = {isa = PBXBuildFile; fileRef = A0A9F9E41D6D9047003A6E30 /* DetailViewCell.swift */; };
		A0CF463E1D5B2FF0001D8097 /* CustomTextField.swift in Sources */ = {isa = PBXBuildFile; fileRef = A0CF463D1D5B2FF0001D8097 /* CustomTextField.swift */; };
		A0CF46401D5B378E001D8097 /* MenuViewController.swift in Sources */ = {isa = PBXBuildFile; fileRef = A0CF463F1D5B378E001D8097 /* MenuViewController.swift */; };
		A0CF46421D5B481A001D8097 /* CustomMenuCell.swift in Sources */ = {isa = PBXBuildFile; fileRef = A0CF46411D5B481A001D8097 /* CustomMenuCell.swift */; };
		A0D921731D6AFAC300180B45 /* Utils.swift in Sources */ = {isa = PBXBuildFile; fileRef = A0D921721D6AFAC300180B45 /* Utils.swift */; };
		A0D921791D6C1E9A00180B45 /* DetailViewController.swift in Sources */ = {isa = PBXBuildFile; fileRef = A0D921781D6C1E9A00180B45 /* DetailViewController.swift */; };
		A0F1D1C71D5DDB99000B032B /* WebServiceManager.swift in Sources */ = {isa = PBXBuildFile; fileRef = A0F1D1C61D5DDB99000B032B /* WebServiceManager.swift */; };
		BA2274EE1D65A3D5009E30BE /* ArticleObject.swift in Sources */ = {isa = PBXBuildFile; fileRef = BA2274ED1D65A3D5009E30BE /* ArticleObject.swift */; };
		BA2274F01D65B6D4009E30BE /* MenuObject.swift in Sources */ = {isa = PBXBuildFile; fileRef = BA2274EF1D65B6D4009E30BE /* MenuObject.swift */; };
		BA2C79731D64549900851BAE /* UserObject.swift in Sources */ = {isa = PBXBuildFile; fileRef = BA2C79721D64549900851BAE /* UserObject.swift */; };
		BA49CA441D533FA9001DC190 /* AppDelegate.swift in Sources */ = {isa = PBXBuildFile; fileRef = BA49CA431D533FA9001DC190 /* AppDelegate.swift */; };
		BA49CA461D533FA9001DC190 /* ViewController.swift in Sources */ = {isa = PBXBuildFile; fileRef = BA49CA451D533FA9001DC190 /* ViewController.swift */; };
		BA49CA491D533FA9001DC190 /* Main.storyboard in Resources */ = {isa = PBXBuildFile; fileRef = BA49CA471D533FA9001DC190 /* Main.storyboard */; };
		BA49CA4C1D533FA9001DC190 /* RANE_App.xcdatamodeld in Sources */ = {isa = PBXBuildFile; fileRef = BA49CA4A1D533FA9001DC190 /* RANE_App.xcdatamodeld */; };
		BA49CA4E1D533FA9001DC190 /* Assets.xcassets in Resources */ = {isa = PBXBuildFile; fileRef = BA49CA4D1D533FA9001DC190 /* Assets.xcassets */; };
		BA49CA511D533FA9001DC190 /* LaunchScreen.storyboard in Resources */ = {isa = PBXBuildFile; fileRef = BA49CA4F1D533FA9001DC190 /* LaunchScreen.storyboard */; };
		BA49CA5C1D533FA9001DC190 /* RANE_AppTests.swift in Sources */ = {isa = PBXBuildFile; fileRef = BA49CA5B1D533FA9001DC190 /* RANE_AppTests.swift */; };
		BA49CA671D533FAA001DC190 /* RANE_AppUITests.swift in Sources */ = {isa = PBXBuildFile; fileRef = BA49CA661D533FAA001DC190 /* RANE_AppUITests.swift */; };
		BA5EC5401D67064700A52CB4 /* Reachability.swift in Sources */ = {isa = PBXBuildFile; fileRef = BA5EC53F1D67064700A52CB4 /* Reachability.swift */; };
		BA5EF53A1D66D35F004BE00E /* HRToast+UIView.swift in Sources */ = {isa = PBXBuildFile; fileRef = BA5EF5391D66D35F004BE00E /* HRToast+UIView.swift */; };
		BAC01FC61D6FE05300DB206C /* ReadFullArticleViewController.swift in Sources */ = {isa = PBXBuildFile; fileRef = BAC01FC51D6FE05300DB206C /* ReadFullArticleViewController.swift */; };
		BAC9FA551D62AD6C00D95E82 /* OpenSans-Bold.ttf in Resources */ = {isa = PBXBuildFile; fileRef = BAC9FA511D62AD6C00D95E82 /* OpenSans-Bold.ttf */; };
		BAC9FA561D62AD6C00D95E82 /* OpenSans-Light.ttf in Resources */ = {isa = PBXBuildFile; fileRef = BAC9FA521D62AD6C00D95E82 /* OpenSans-Light.ttf */; };
		BAC9FA571D62AD6C00D95E82 /* OpenSans-Regular.ttf in Resources */ = {isa = PBXBuildFile; fileRef = BAC9FA531D62AD6C00D95E82 /* OpenSans-Regular.ttf */; };
		BAC9FA581D62AD6C00D95E82 /* OpenSans-Semibold.ttf in Resources */ = {isa = PBXBuildFile; fileRef = BAC9FA541D62AD6C00D95E82 /* OpenSans-Semibold.ttf */; };
		BACA474C1D54B9F600D772ED /* WebService.swift in Sources */ = {isa = PBXBuildFile; fileRef = BACA474B1D54B9F600D772ED /* WebService.swift */; };
		BAD5C7481D64B29100C4746D /* CommonViewController.swift in Sources */ = {isa = PBXBuildFile; fileRef = BAD5C7471D64B29100C4746D /* CommonViewController.swift */; };
		BAFECD071D62E6C60054A5CD /* OpenSans-Italic.ttf in Resources */ = {isa = PBXBuildFile; fileRef = BAFECD061D62E6C60054A5CD /* OpenSans-Italic.ttf */; };
/* End PBXBuildFile section */

/* Begin PBXContainerItemProxy section */
		BA49CA581D533FA9001DC190 /* PBXContainerItemProxy */ = {
			isa = PBXContainerItemProxy;
			containerPortal = BA49CA381D533FA9001DC190 /* Project object */;
			proxyType = 1;
			remoteGlobalIDString = BA49CA3F1D533FA9001DC190;
			remoteInfo = RANE_App;
		};
		BA49CA631D533FAA001DC190 /* PBXContainerItemProxy */ = {
			isa = PBXContainerItemProxy;
			containerPortal = BA49CA381D533FA9001DC190 /* Project object */;
			proxyType = 1;
			remoteGlobalIDString = BA49CA3F1D533FA9001DC190;
			remoteInfo = RANE_App;
		};
/* End PBXContainerItemProxy section */

/* Begin PBXFileReference section */
		A05C5C6A1D5C580000FA6817 /* ListViewController.swift */ = {isa = PBXFileReference; fileEncoding = 4; lastKnownFileType = sourcecode.swift; path = ListViewController.swift; sourceTree = "<group>"; };
		A05C5C6C1D5C844400FA6817 /* CustomListCell.swift */ = {isa = PBXFileReference; fileEncoding = 4; lastKnownFileType = sourcecode.swift; path = CustomListCell.swift; sourceTree = "<group>"; };
		A0A9F9E41D6D9047003A6E30 /* DetailViewCell.swift */ = {isa = PBXFileReference; fileEncoding = 4; lastKnownFileType = sourcecode.swift; path = DetailViewCell.swift; sourceTree = "<group>"; };
		A0CF463D1D5B2FF0001D8097 /* CustomTextField.swift */ = {isa = PBXFileReference; fileEncoding = 4; lastKnownFileType = sourcecode.swift; path = CustomTextField.swift; sourceTree = "<group>"; };
		A0CF463F1D5B378E001D8097 /* MenuViewController.swift */ = {isa = PBXFileReference; fileEncoding = 4; lastKnownFileType = sourcecode.swift; path = MenuViewController.swift; sourceTree = "<group>"; };
		A0CF46411D5B481A001D8097 /* CustomMenuCell.swift */ = {isa = PBXFileReference; fileEncoding = 4; lastKnownFileType = sourcecode.swift; path = CustomMenuCell.swift; sourceTree = "<group>"; };
		A0D921721D6AFAC300180B45 /* Utils.swift */ = {isa = PBXFileReference; fileEncoding = 4; lastKnownFileType = sourcecode.swift; path = Utils.swift; sourceTree = "<group>"; };
		A0D921781D6C1E9A00180B45 /* DetailViewController.swift */ = {isa = PBXFileReference; fileEncoding = 4; lastKnownFileType = sourcecode.swift; path = DetailViewController.swift; sourceTree = "<group>"; };
		A0F1D1C61D5DDB99000B032B /* WebServiceManager.swift */ = {isa = PBXFileReference; fileEncoding = 4; lastKnownFileType = sourcecode.swift; path = WebServiceManager.swift; sourceTree = "<group>"; };
		BA2274ED1D65A3D5009E30BE /* ArticleObject.swift */ = {isa = PBXFileReference; fileEncoding = 4; lastKnownFileType = sourcecode.swift; name = ArticleObject.swift; path = ../ArticleObject.swift; sourceTree = "<group>"; };
		BA2274EF1D65B6D4009E30BE /* MenuObject.swift */ = {isa = PBXFileReference; fileEncoding = 4; lastKnownFileType = sourcecode.swift; path = MenuObject.swift; sourceTree = "<group>"; };
		BA2C79721D64549900851BAE /* UserObject.swift */ = {isa = PBXFileReference; fileEncoding = 4; lastKnownFileType = sourcecode.swift; path = UserObject.swift; sourceTree = "<group>"; };
		BA49CA401D533FA9001DC190 /* RANE_App.app */ = {isa = PBXFileReference; explicitFileType = wrapper.application; includeInIndex = 0; path = RANE_App.app; sourceTree = BUILT_PRODUCTS_DIR; };
		BA49CA431D533FA9001DC190 /* AppDelegate.swift */ = {isa = PBXFileReference; lastKnownFileType = sourcecode.swift; path = AppDelegate.swift; sourceTree = "<group>"; };
		BA49CA451D533FA9001DC190 /* ViewController.swift */ = {isa = PBXFileReference; lastKnownFileType = sourcecode.swift; path = ViewController.swift; sourceTree = "<group>"; };
		BA49CA481D533FA9001DC190 /* Base */ = {isa = PBXFileReference; lastKnownFileType = file.storyboard; name = Base; path = Base.lproj/Main.storyboard; sourceTree = "<group>"; };
		BA49CA4B1D533FA9001DC190 /* RANE_App.xcdatamodel */ = {isa = PBXFileReference; lastKnownFileType = wrapper.xcdatamodel; path = RANE_App.xcdatamodel; sourceTree = "<group>"; };
		BA49CA4D1D533FA9001DC190 /* Assets.xcassets */ = {isa = PBXFileReference; lastKnownFileType = folder.assetcatalog; path = Assets.xcassets; sourceTree = "<group>"; };
		BA49CA501D533FA9001DC190 /* Base */ = {isa = PBXFileReference; lastKnownFileType = file.storyboard; name = Base; path = Base.lproj/LaunchScreen.storyboard; sourceTree = "<group>"; };
		BA49CA521D533FA9001DC190 /* Info.plist */ = {isa = PBXFileReference; lastKnownFileType = text.plist.xml; path = Info.plist; sourceTree = "<group>"; };
		BA49CA571D533FA9001DC190 /* RANE_AppTests.xctest */ = {isa = PBXFileReference; explicitFileType = wrapper.cfbundle; includeInIndex = 0; path = RANE_AppTests.xctest; sourceTree = BUILT_PRODUCTS_DIR; };
		BA49CA5B1D533FA9001DC190 /* RANE_AppTests.swift */ = {isa = PBXFileReference; lastKnownFileType = sourcecode.swift; path = RANE_AppTests.swift; sourceTree = "<group>"; };
		BA49CA5D1D533FA9001DC190 /* Info.plist */ = {isa = PBXFileReference; lastKnownFileType = text.plist.xml; path = Info.plist; sourceTree = "<group>"; };
		BA49CA621D533FAA001DC190 /* RANE_AppUITests.xctest */ = {isa = PBXFileReference; explicitFileType = wrapper.cfbundle; includeInIndex = 0; path = RANE_AppUITests.xctest; sourceTree = BUILT_PRODUCTS_DIR; };
		BA49CA661D533FAA001DC190 /* RANE_AppUITests.swift */ = {isa = PBXFileReference; lastKnownFileType = sourcecode.swift; path = RANE_AppUITests.swift; sourceTree = "<group>"; };
		BA49CA681D533FAA001DC190 /* Info.plist */ = {isa = PBXFileReference; lastKnownFileType = text.plist.xml; path = Info.plist; sourceTree = "<group>"; };
		BA5EC53F1D67064700A52CB4 /* Reachability.swift */ = {isa = PBXFileReference; fileEncoding = 4; lastKnownFileType = sourcecode.swift; path = Reachability.swift; sourceTree = "<group>"; };
		BA5EF5391D66D35F004BE00E /* HRToast+UIView.swift */ = {isa = PBXFileReference; fileEncoding = 4; lastKnownFileType = sourcecode.swift; path = "HRToast+UIView.swift"; sourceTree = "<group>"; };
		BAC01FC51D6FE05300DB206C /* ReadFullArticleViewController.swift */ = {isa = PBXFileReference; fileEncoding = 4; lastKnownFileType = sourcecode.swift; path = ReadFullArticleViewController.swift; sourceTree = "<group>"; };
		BAC9FA511D62AD6C00D95E82 /* OpenSans-Bold.ttf */ = {isa = PBXFileReference; lastKnownFileType = file; path = "OpenSans-Bold.ttf"; sourceTree = "<group>"; };
		BAC9FA521D62AD6C00D95E82 /* OpenSans-Light.ttf */ = {isa = PBXFileReference; lastKnownFileType = file; path = "OpenSans-Light.ttf"; sourceTree = "<group>"; };
		BAC9FA531D62AD6C00D95E82 /* OpenSans-Regular.ttf */ = {isa = PBXFileReference; lastKnownFileType = file; path = "OpenSans-Regular.ttf"; sourceTree = "<group>"; };
		BAC9FA541D62AD6C00D95E82 /* OpenSans-Semibold.ttf */ = {isa = PBXFileReference; lastKnownFileType = file; path = "OpenSans-Semibold.ttf"; sourceTree = "<group>"; };
		BACA474B1D54B9F600D772ED /* WebService.swift */ = {isa = PBXFileReference; fileEncoding = 4; lastKnownFileType = sourcecode.swift; path = WebService.swift; sourceTree = "<group>"; };
		BAD5C7471D64B29100C4746D /* CommonViewController.swift */ = {isa = PBXFileReference; fileEncoding = 4; lastKnownFileType = sourcecode.swift; path = CommonViewController.swift; sourceTree = "<group>"; };
		BAFECD061D62E6C60054A5CD /* OpenSans-Italic.ttf */ = {isa = PBXFileReference; lastKnownFileType = file; path = "OpenSans-Italic.ttf"; sourceTree = "<group>"; };
		CB096B7EC73BB7F1F3AE23F1 /* Pods-RANE_App.release.xcconfig */ = {isa = PBXFileReference; includeInIndex = 1; lastKnownFileType = text.xcconfig; name = "Pods-RANE_App.release.xcconfig"; path = "Pods/Target Support Files/Pods-RANE_App/Pods-RANE_App.release.xcconfig"; sourceTree = "<group>"; };
		D10FF0799AE5D86B924B0897 /* Pods-RANE_App.debug.xcconfig */ = {isa = PBXFileReference; includeInIndex = 1; lastKnownFileType = text.xcconfig; name = "Pods-RANE_App.debug.xcconfig"; path = "Pods/Target Support Files/Pods-RANE_App/Pods-RANE_App.debug.xcconfig"; sourceTree = "<group>"; };
		F3DB8BDE0A65C6A91A98A886 /* Pods_RANE_App.framework */ = {isa = PBXFileReference; explicitFileType = wrapper.framework; includeInIndex = 0; path = Pods_RANE_App.framework; sourceTree = BUILT_PRODUCTS_DIR; };
/* End PBXFileReference section */

/* Begin PBXFrameworksBuildPhase section */
		BA49CA3D1D533FA9001DC190 /* Frameworks */ = {
			isa = PBXFrameworksBuildPhase;
			buildActionMask = 2147483647;
			files = (
				3FA6C9CD61B2A2D4EA98258B /* Pods_RANE_App.framework in Frameworks */,
			);
			runOnlyForDeploymentPostprocessing = 0;
		};
		BA49CA541D533FA9001DC190 /* Frameworks */ = {
			isa = PBXFrameworksBuildPhase;
			buildActionMask = 2147483647;
			files = (
			);
			runOnlyForDeploymentPostprocessing = 0;
		};
		BA49CA5F1D533FAA001DC190 /* Frameworks */ = {
			isa = PBXFrameworksBuildPhase;
			buildActionMask = 2147483647;
			files = (
			);
			runOnlyForDeploymentPostprocessing = 0;
		};
/* End PBXFrameworksBuildPhase section */

/* Begin PBXGroup section */
		22CA808D46AF4924EF7B93B3 /* Frameworks */ = {
			isa = PBXGroup;
			children = (
				F3DB8BDE0A65C6A91A98A886 /* Pods_RANE_App.framework */,
			);
			name = Frameworks;
			sourceTree = "<group>";
		};
		2AA6FD359016A06D6DAD2A31 /* Pods */ = {
			isa = PBXGroup;
			children = (
				D10FF0799AE5D86B924B0897 /* Pods-RANE_App.debug.xcconfig */,
				CB096B7EC73BB7F1F3AE23F1 /* Pods-RANE_App.release.xcconfig */,
			);
			name = Pods;
			sourceTree = "<group>";
		};
		BA49CA371D533FA9001DC190 = {
			isa = PBXGroup;
			children = (
				BA49CA421D533FA9001DC190 /* RANE_App */,
				BA49CA5A1D533FA9001DC190 /* RANE_AppTests */,
				BA49CA651D533FAA001DC190 /* RANE_AppUITests */,
				BA49CA411D533FA9001DC190 /* Products */,
				2AA6FD359016A06D6DAD2A31 /* Pods */,
				22CA808D46AF4924EF7B93B3 /* Frameworks */,
			);
			sourceTree = "<group>";
		};
		BA49CA411D533FA9001DC190 /* Products */ = {
			isa = PBXGroup;
			children = (
				BA49CA401D533FA9001DC190 /* RANE_App.app */,
				BA49CA571D533FA9001DC190 /* RANE_AppTests.xctest */,
				BA49CA621D533FAA001DC190 /* RANE_AppUITests.xctest */,
			);
			name = Products;
			sourceTree = "<group>";
		};
		BA49CA421D533FA9001DC190 /* RANE_App */ = {
			isa = PBXGroup;
			children = (
				BA5EC5461D673E8D00A52CB4 /* Views */,
				BA5EC5411D673C3E00A52CB4 /* ViewController */,
				BA5EC5451D673E1900A52CB4 /* Helpers */,
				BA5EC5441D673DFC00A52CB4 /* CustomCell */,
				BA5EC5431D673DE000A52CB4 /* WebService */,
				BA5EC5421D673D2000A52CB4 /* CustomObject */,
				BAC9FA501D62AD4800D95E82 /* CustomFonts */,
				BA49CA431D533FA9001DC190 /* AppDelegate.swift */,
				BA49CA4D1D533FA9001DC190 /* Assets.xcassets */,
				BA49CA521D533FA9001DC190 /* Info.plist */,
				BA49CA4A1D533FA9001DC190 /* RANE_App.xcdatamodeld */,
			);
			path = RANE_App;
			sourceTree = "<group>";
		};
		BA49CA5A1D533FA9001DC190 /* RANE_AppTests */ = {
			isa = PBXGroup;
			children = (
				BA49CA5B1D533FA9001DC190 /* RANE_AppTests.swift */,
				BA49CA5D1D533FA9001DC190 /* Info.plist */,
			);
			path = RANE_AppTests;
			sourceTree = "<group>";
		};
		BA49CA651D533FAA001DC190 /* RANE_AppUITests */ = {
			isa = PBXGroup;
			children = (
				BA49CA661D533FAA001DC190 /* RANE_AppUITests.swift */,
				BA49CA681D533FAA001DC190 /* Info.plist */,
			);
			path = RANE_AppUITests;
			sourceTree = "<group>";
		};
		BA5EC5411D673C3E00A52CB4 /* ViewController */ = {
			isa = PBXGroup;
			children = (
				BA49CA451D533FA9001DC190 /* ViewController.swift */,
				A05C5C6A1D5C580000FA6817 /* ListViewController.swift */,
				BAD5C7471D64B29100C4746D /* CommonViewController.swift */,
				A0CF463F1D5B378E001D8097 /* MenuViewController.swift */,
				A0D921781D6C1E9A00180B45 /* DetailViewController.swift */,
				BAC01FC51D6FE05300DB206C /* ReadFullArticleViewController.swift */,
			);
			name = ViewController;
			sourceTree = "<group>";
		};
		BA5EC5421D673D2000A52CB4 /* CustomObject */ = {
			isa = PBXGroup;
			children = (
				BA2C79721D64549900851BAE /* UserObject.swift */,
				BA2274ED1D65A3D5009E30BE /* ArticleObject.swift */,
				BA2274EF1D65B6D4009E30BE /* MenuObject.swift */,
			);
			name = CustomObject;
			sourceTree = "<group>";
		};
		BA5EC5431D673DE000A52CB4 /* WebService */ = {
			isa = PBXGroup;
			children = (
				BACA474B1D54B9F600D772ED /* WebService.swift */,
				A0F1D1C61D5DDB99000B032B /* WebServiceManager.swift */,
			);
			name = WebService;
			sourceTree = "<group>";
		};
		BA5EC5441D673DFC00A52CB4 /* CustomCell */ = {
			isa = PBXGroup;
			children = (
				A05C5C6C1D5C844400FA6817 /* CustomListCell.swift */,
				A0CF46411D5B481A001D8097 /* CustomMenuCell.swift */,
				A0A9F9E41D6D9047003A6E30 /* DetailViewCell.swift */,
			);
			name = CustomCell;
			sourceTree = "<group>";
		};
		BA5EC5451D673E1900A52CB4 /* Helpers */ = {
			isa = PBXGroup;
			children = (
				BA5EF5391D66D35F004BE00E /* HRToast+UIView.swift */,
				A0CF463D1D5B2FF0001D8097 /* CustomTextField.swift */,
				BA5EC53F1D67064700A52CB4 /* Reachability.swift */,
				A0D921721D6AFAC300180B45 /* Utils.swift */,
			);
			name = Helpers;
			sourceTree = "<group>";
		};
		BA5EC5461D673E8D00A52CB4 /* Views */ = {
			isa = PBXGroup;
			children = (
				BA49CA4F1D533FA9001DC190 /* LaunchScreen.storyboard */,
				BA49CA471D533FA9001DC190 /* Main.storyboard */,
			);
			name = Views;
			sourceTree = "<group>";
		};
		BAC9FA501D62AD4800D95E82 /* CustomFonts */ = {
			isa = PBXGroup;
			children = (
				BAC9FA511D62AD6C00D95E82 /* OpenSans-Bold.ttf */,
				BAC9FA521D62AD6C00D95E82 /* OpenSans-Light.ttf */,
				BAC9FA531D62AD6C00D95E82 /* OpenSans-Regular.ttf */,
				BAFECD061D62E6C60054A5CD /* OpenSans-Italic.ttf */,
				BAC9FA541D62AD6C00D95E82 /* OpenSans-Semibold.ttf */,
			);
			name = CustomFonts;
			sourceTree = "<group>";
		};
/* End PBXGroup section */

/* Begin PBXNativeTarget section */
		BA49CA3F1D533FA9001DC190 /* RANE_App */ = {
			isa = PBXNativeTarget;
			buildConfigurationList = BA49CA6B1D533FAA001DC190 /* Build configuration list for PBXNativeTarget "RANE_App" */;
			buildPhases = (
				0AD7AFA3C27F6E366156B79D /* [CP] Check Pods Manifest.lock */,
				BA49CA3C1D533FA9001DC190 /* Sources */,
				BA49CA3D1D533FA9001DC190 /* Frameworks */,
				BA49CA3E1D533FA9001DC190 /* Resources */,
				A65DCEA2387D245D5EF5007B /* [CP] Embed Pods Frameworks */,
				1BF5D9DD083D46993CAEBF32 /* [CP] Copy Pods Resources */,
				A05C5C6E1D5C9D1300FA6817 /* ShellScript */,
			);
			buildRules = (
			);
			dependencies = (
			);
			name = RANE_App;
			productName = RANE_App;
			productReference = BA49CA401D533FA9001DC190 /* RANE_App.app */;
			productType = "com.apple.product-type.application";
		};
		BA49CA561D533FA9001DC190 /* RANE_AppTests */ = {
			isa = PBXNativeTarget;
			buildConfigurationList = BA49CA6E1D533FAA001DC190 /* Build configuration list for PBXNativeTarget "RANE_AppTests" */;
			buildPhases = (
				BA49CA531D533FA9001DC190 /* Sources */,
				BA49CA541D533FA9001DC190 /* Frameworks */,
				BA49CA551D533FA9001DC190 /* Resources */,
			);
			buildRules = (
			);
			dependencies = (
				BA49CA591D533FA9001DC190 /* PBXTargetDependency */,
			);
			name = RANE_AppTests;
			productName = RANE_AppTests;
			productReference = BA49CA571D533FA9001DC190 /* RANE_AppTests.xctest */;
			productType = "com.apple.product-type.bundle.unit-test";
		};
		BA49CA611D533FAA001DC190 /* RANE_AppUITests */ = {
			isa = PBXNativeTarget;
			buildConfigurationList = BA49CA711D533FAA001DC190 /* Build configuration list for PBXNativeTarget "RANE_AppUITests" */;
			buildPhases = (
				BA49CA5E1D533FAA001DC190 /* Sources */,
				BA49CA5F1D533FAA001DC190 /* Frameworks */,
				BA49CA601D533FAA001DC190 /* Resources */,
			);
			buildRules = (
			);
			dependencies = (
				BA49CA641D533FAA001DC190 /* PBXTargetDependency */,
			);
			name = RANE_AppUITests;
			productName = RANE_AppUITests;
			productReference = BA49CA621D533FAA001DC190 /* RANE_AppUITests.xctest */;
			productType = "com.apple.product-type.bundle.ui-testing";
		};
/* End PBXNativeTarget section */

/* Begin PBXProject section */
		BA49CA381D533FA9001DC190 /* Project object */ = {
			isa = PBXProject;
			attributes = {
				LastSwiftUpdateCheck = 0730;
				LastUpgradeCheck = 0730;
				ORGANIZATIONNAME = capestart;
				TargetAttributes = {
					BA49CA3F1D533FA9001DC190 = {
						CreatedOnToolsVersion = 7.3.1;
						DevelopmentTeam = 2EKG8QACMX;
					};
					BA49CA561D533FA9001DC190 = {
						CreatedOnToolsVersion = 7.3.1;
						TestTargetID = BA49CA3F1D533FA9001DC190;
					};
					BA49CA611D533FAA001DC190 = {
						CreatedOnToolsVersion = 7.3.1;
						TestTargetID = BA49CA3F1D533FA9001DC190;
					};
				};
			};
			buildConfigurationList = BA49CA3B1D533FA9001DC190 /* Build configuration list for PBXProject "RANE_App" */;
			compatibilityVersion = "Xcode 3.2";
			developmentRegion = English;
			hasScannedForEncodings = 0;
			knownRegions = (
				en,
				Base,
			);
			mainGroup = BA49CA371D533FA9001DC190;
			productRefGroup = BA49CA411D533FA9001DC190 /* Products */;
			projectDirPath = "";
			projectRoot = "";
			targets = (
				BA49CA3F1D533FA9001DC190 /* RANE_App */,
				BA49CA561D533FA9001DC190 /* RANE_AppTests */,
				BA49CA611D533FAA001DC190 /* RANE_AppUITests */,
			);
		};
/* End PBXProject section */

/* Begin PBXResourcesBuildPhase section */
		BA49CA3E1D533FA9001DC190 /* Resources */ = {
			isa = PBXResourcesBuildPhase;
			buildActionMask = 2147483647;
			files = (
				BA49CA511D533FA9001DC190 /* LaunchScreen.storyboard in Resources */,
				BAFECD071D62E6C60054A5CD /* OpenSans-Italic.ttf in Resources */,
				BA49CA4E1D533FA9001DC190 /* Assets.xcassets in Resources */,
				BAC9FA551D62AD6C00D95E82 /* OpenSans-Bold.ttf in Resources */,
				BAC9FA561D62AD6C00D95E82 /* OpenSans-Light.ttf in Resources */,
				BAC9FA571D62AD6C00D95E82 /* OpenSans-Regular.ttf in Resources */,
				BAC9FA581D62AD6C00D95E82 /* OpenSans-Semibold.ttf in Resources */,
				BA49CA491D533FA9001DC190 /* Main.storyboard in Resources */,
			);
			runOnlyForDeploymentPostprocessing = 0;
		};
		BA49CA551D533FA9001DC190 /* Resources */ = {
			isa = PBXResourcesBuildPhase;
			buildActionMask = 2147483647;
			files = (
			);
			runOnlyForDeploymentPostprocessing = 0;
		};
		BA49CA601D533FAA001DC190 /* Resources */ = {
			isa = PBXResourcesBuildPhase;
			buildActionMask = 2147483647;
			files = (
			);
			runOnlyForDeploymentPostprocessing = 0;
		};
/* End PBXResourcesBuildPhase section */

/* Begin PBXShellScriptBuildPhase section */
		0AD7AFA3C27F6E366156B79D /* [CP] Check Pods Manifest.lock */ = {
			isa = PBXShellScriptBuildPhase;
			buildActionMask = 2147483647;
			files = (
			);
			inputPaths = (
			);
			name = "[CP] Check Pods Manifest.lock";
			outputPaths = (
			);
			runOnlyForDeploymentPostprocessing = 0;
			shellPath = /bin/sh;
			shellScript = "diff \"${PODS_ROOT}/../Podfile.lock\" \"${PODS_ROOT}/Manifest.lock\" > /dev/null\nif [[ $? != 0 ]] ; then\n    cat << EOM\nerror: The sandbox is not in sync with the Podfile.lock. Run 'pod install' or update your CocoaPods installation.\nEOM\n    exit 1\nfi\n";
			showEnvVarsInLog = 0;
		};
		1BF5D9DD083D46993CAEBF32 /* [CP] Copy Pods Resources */ = {
			isa = PBXShellScriptBuildPhase;
			buildActionMask = 2147483647;
			files = (
			);
			inputPaths = (
			);
			name = "[CP] Copy Pods Resources";
			outputPaths = (
			);
			runOnlyForDeploymentPostprocessing = 0;
			shellPath = /bin/sh;
			shellScript = "\"${SRCROOT}/Pods/Target Support Files/Pods-RANE_App/Pods-RANE_App-resources.sh\"\n";
			showEnvVarsInLog = 0;
		};
		A05C5C6E1D5C9D1300FA6817 /* ShellScript */ = {
			isa = PBXShellScriptBuildPhase;
			buildActionMask = 2147483647;
			files = (
			);
			inputPaths = (
			);
			outputPaths = (
			);
			runOnlyForDeploymentPostprocessing = 0;
			shellPath = /bin/sh;
			shellScript = "\"${PODS_ROOT}/Fabric/run\" c2277e37646d9edc0b0ccd4da52ac04f8a45e6cb 92960752ffaafd587fab1b08ace6158bb86c6c99f685a38791e3b640c510877c";
		};
		A65DCEA2387D245D5EF5007B /* [CP] Embed Pods Frameworks */ = {
			isa = PBXShellScriptBuildPhase;
			buildActionMask = 2147483647;
			files = (
			);
			inputPaths = (
			);
			name = "[CP] Embed Pods Frameworks";
			outputPaths = (
			);
			runOnlyForDeploymentPostprocessing = 0;
			shellPath = /bin/sh;
			shellScript = "\"${SRCROOT}/Pods/Target Support Files/Pods-RANE_App/Pods-RANE_App-frameworks.sh\"\n";
			showEnvVarsInLog = 0;
		};
/* End PBXShellScriptBuildPhase section */

/* Begin PBXSourcesBuildPhase section */
		BA49CA3C1D533FA9001DC190 /* Sources */ = {
			isa = PBXSourcesBuildPhase;
			buildActionMask = 2147483647;
			files = (
				A0F1D1C71D5DDB99000B032B /* WebServiceManager.swift in Sources */,
				BA2C79731D64549900851BAE /* UserObject.swift in Sources */,
				BA2274EE1D65A3D5009E30BE /* ArticleObject.swift in Sources */,
				BA49CA461D533FA9001DC190 /* ViewController.swift in Sources */,
				BAC01FC61D6FE05300DB206C /* ReadFullArticleViewController.swift in Sources */,
				A0CF46401D5B378E001D8097 /* MenuViewController.swift in Sources */,
				BA2274F01D65B6D4009E30BE /* MenuObject.swift in Sources */,
				BA49CA441D533FA9001DC190 /* AppDelegate.swift in Sources */,
				BACA474C1D54B9F600D772ED /* WebService.swift in Sources */,
				BA49CA4C1D533FA9001DC190 /* RANE_App.xcdatamodeld in Sources */,
				A0D921791D6C1E9A00180B45 /* DetailViewController.swift in Sources */,
				A0D921731D6AFAC300180B45 /* Utils.swift in Sources */,
				A05C5C6D1D5C844400FA6817 /* CustomListCell.swift in Sources */,
				A0CF463E1D5B2FF0001D8097 /* CustomTextField.swift in Sources */,
				BA5EF53A1D66D35F004BE00E /* HRToast+UIView.swift in Sources */,
				BAD5C7481D64B29100C4746D /* CommonViewController.swift in Sources */,
				A05C5C6B1D5C580000FA6817 /* ListViewController.swift in Sources */,
				BA5EC5401D67064700A52CB4 /* Reachability.swift in Sources */,
				A0A9F9E51D6D9047003A6E30 /* DetailViewCell.swift in Sources */,
				A0CF46421D5B481A001D8097 /* CustomMenuCell.swift in Sources */,
			);
			runOnlyForDeploymentPostprocessing = 0;
		};
		BA49CA531D533FA9001DC190 /* Sources */ = {
			isa = PBXSourcesBuildPhase;
			buildActionMask = 2147483647;
			files = (
				BA49CA5C1D533FA9001DC190 /* RANE_AppTests.swift in Sources */,
			);
			runOnlyForDeploymentPostprocessing = 0;
		};
		BA49CA5E1D533FAA001DC190 /* Sources */ = {
			isa = PBXSourcesBuildPhase;
			buildActionMask = 2147483647;
			files = (
				BA49CA671D533FAA001DC190 /* RANE_AppUITests.swift in Sources */,
			);
			runOnlyForDeploymentPostprocessing = 0;
		};
/* End PBXSourcesBuildPhase section */

/* Begin PBXTargetDependency section */
		BA49CA591D533FA9001DC190 /* PBXTargetDependency */ = {
			isa = PBXTargetDependency;
			target = BA49CA3F1D533FA9001DC190 /* RANE_App */;
			targetProxy = BA49CA581D533FA9001DC190 /* PBXContainerItemProxy */;
		};
		BA49CA641D533FAA001DC190 /* PBXTargetDependency */ = {
			isa = PBXTargetDependency;
			target = BA49CA3F1D533FA9001DC190 /* RANE_App */;
			targetProxy = BA49CA631D533FAA001DC190 /* PBXContainerItemProxy */;
		};
/* End PBXTargetDependency section */

/* Begin PBXVariantGroup section */
		BA49CA471D533FA9001DC190 /* Main.storyboard */ = {
			isa = PBXVariantGroup;
			children = (
				BA49CA481D533FA9001DC190 /* Base */,
			);
			name = Main.storyboard;
			sourceTree = "<group>";
		};
		BA49CA4F1D533FA9001DC190 /* LaunchScreen.storyboard */ = {
			isa = PBXVariantGroup;
			children = (
				BA49CA501D533FA9001DC190 /* Base */,
			);
			name = LaunchScreen.storyboard;
			sourceTree = "<group>";
		};
/* End PBXVariantGroup section */

/* Begin XCBuildConfiguration section */
		BA49CA691D533FAA001DC190 /* Debug */ = {
			isa = XCBuildConfiguration;
			buildSettings = {
				ALWAYS_SEARCH_USER_PATHS = NO;
				CLANG_ANALYZER_NONNULL = YES;
				CLANG_CXX_LANGUAGE_STANDARD = "gnu++0x";
				CLANG_CXX_LIBRARY = "libc++";
				CLANG_ENABLE_MODULES = YES;
				CLANG_ENABLE_OBJC_ARC = YES;
				CLANG_WARN_BOOL_CONVERSION = YES;
				CLANG_WARN_CONSTANT_CONVERSION = YES;
				CLANG_WARN_DIRECT_OBJC_ISA_USAGE = YES_ERROR;
				CLANG_WARN_EMPTY_BODY = YES;
				CLANG_WARN_ENUM_CONVERSION = YES;
				CLANG_WARN_INT_CONVERSION = YES;
				CLANG_WARN_OBJC_ROOT_CLASS = YES_ERROR;
				CLANG_WARN_UNREACHABLE_CODE = YES;
				CLANG_WARN__DUPLICATE_METHOD_MATCH = YES;
				CODE_SIGN_IDENTITY = "iPhone Developer: Kristine Eissing (MP25BQW4WP)";
				"CODE_SIGN_IDENTITY[sdk=iphoneos*]" = "iPhone Developer: Kristine Eissing (MP25BQW4WP)";
				COPY_PHASE_STRIP = NO;
				DEBUG_INFORMATION_FORMAT = dwarf;
				ENABLE_STRICT_OBJC_MSGSEND = YES;
				ENABLE_TESTABILITY = YES;
				FRAMEWORK_SEARCH_PATHS = "";
				GCC_C_LANGUAGE_STANDARD = gnu99;
				GCC_DYNAMIC_NO_PIC = NO;
				GCC_NO_COMMON_BLOCKS = YES;
				GCC_OPTIMIZATION_LEVEL = 0;
				GCC_PREPROCESSOR_DEFINITIONS = (
					"DEBUG=1",
					"$(inherited)",
				);
				GCC_WARN_64_TO_32_BIT_CONVERSION = YES;
				GCC_WARN_ABOUT_RETURN_TYPE = YES_ERROR;
				GCC_WARN_UNDECLARED_SELECTOR = YES;
				GCC_WARN_UNINITIALIZED_AUTOS = YES_AGGRESSIVE;
				GCC_WARN_UNUSED_FUNCTION = YES;
				GCC_WARN_UNUSED_VARIABLE = YES;
				IPHONEOS_DEPLOYMENT_TARGET = 9.3;
				MTL_ENABLE_DEBUG_INFO = YES;
				ONLY_ACTIVE_ARCH = YES;
				PROVISIONING_PROFILE = "6d02b209-b853-4bd1-aa27-f0d492bc648f";
				SDKROOT = iphoneos;
				SWIFT_INCLUDE_PATHS = "";
				SWIFT_OBJC_BRIDGING_HEADER = "";
				SWIFT_OPTIMIZATION_LEVEL = "-Onone";
				TARGETED_DEVICE_FAMILY = "1,2";
			};
			name = Debug;
		};
		BA49CA6A1D533FAA001DC190 /* Release */ = {
			isa = XCBuildConfiguration;
			buildSettings = {
				ALWAYS_SEARCH_USER_PATHS = NO;
				CLANG_ANALYZER_NONNULL = YES;
				CLANG_CXX_LANGUAGE_STANDARD = "gnu++0x";
				CLANG_CXX_LIBRARY = "libc++";
				CLANG_ENABLE_MODULES = YES;
				CLANG_ENABLE_OBJC_ARC = YES;
				CLANG_WARN_BOOL_CONVERSION = YES;
				CLANG_WARN_CONSTANT_CONVERSION = YES;
				CLANG_WARN_DIRECT_OBJC_ISA_USAGE = YES_ERROR;
				CLANG_WARN_EMPTY_BODY = YES;
				CLANG_WARN_ENUM_CONVERSION = YES;
				CLANG_WARN_INT_CONVERSION = YES;
				CLANG_WARN_OBJC_ROOT_CLASS = YES_ERROR;
				CLANG_WARN_UNREACHABLE_CODE = YES;
				CLANG_WARN__DUPLICATE_METHOD_MATCH = YES;
				CODE_SIGN_IDENTITY = "iPhone Developer: Kristine Eissing (MP25BQW4WP)";
				"CODE_SIGN_IDENTITY[sdk=iphoneos*]" = "iPhone Developer: Kristine Eissing (MP25BQW4WP)";
				COPY_PHASE_STRIP = NO;
				DEBUG_INFORMATION_FORMAT = "dwarf-with-dsym";
				ENABLE_NS_ASSERTIONS = NO;
				ENABLE_STRICT_OBJC_MSGSEND = YES;
				FRAMEWORK_SEARCH_PATHS = "";
				GCC_C_LANGUAGE_STANDARD = gnu99;
				GCC_NO_COMMON_BLOCKS = YES;
				GCC_WARN_64_TO_32_BIT_CONVERSION = YES;
				GCC_WARN_ABOUT_RETURN_TYPE = YES_ERROR;
				GCC_WARN_UNDECLARED_SELECTOR = YES;
				GCC_WARN_UNINITIALIZED_AUTOS = YES_AGGRESSIVE;
				GCC_WARN_UNUSED_FUNCTION = YES;
				GCC_WARN_UNUSED_VARIABLE = YES;
				IPHONEOS_DEPLOYMENT_TARGET = 9.3;
				MTL_ENABLE_DEBUG_INFO = NO;
				PROVISIONING_PROFILE = "6d02b209-b853-4bd1-aa27-f0d492bc648f";
				SDKROOT = iphoneos;
				SWIFT_INCLUDE_PATHS = "";
				SWIFT_OBJC_BRIDGING_HEADER = "";
				TARGETED_DEVICE_FAMILY = "1,2";
				VALIDATE_PRODUCT = YES;
			};
			name = Release;
		};
		BA49CA6C1D533FAA001DC190 /* Debug */ = {
			isa = XCBuildConfiguration;
			baseConfigurationReference = D10FF0799AE5D86B924B0897 /* Pods-RANE_App.debug.xcconfig */;
			buildSettings = {
				ASSETCATALOG_COMPILER_APPICON_NAME = AppIcon;
				CODE_SIGN_IDENTITY = "iPhone Developer: Kristine Eissing (MP25BQW4WP)";
				"CODE_SIGN_IDENTITY[sdk=iphoneos*]" = "iPhone Developer: Kristine Eissing (MP25BQW4WP)";
				FRAMEWORK_SEARCH_PATHS = (
					"$(inherited)",
					"$(PROJECT_DIR)",
				);
				INFOPLIST_FILE = RANE_App/Info.plist;
				IPHONEOS_DEPLOYMENT_TARGET = 8.0;
				LD_RUNPATH_SEARCH_PATHS = "$(inherited) @executable_path/Frameworks";
				OTHER_LDFLAGS = "$(inherited)";
				PRODUCT_BUNDLE_IDENTIFIER = com.ranenetwork.ranestage;
				PRODUCT_NAME = "$(TARGET_NAME)";
				PROVISIONING_PROFILE = "6d02b209-b853-4bd1-aa27-f0d492bc648f";
				SWIFT_OBJC_BRIDGING_HEADER = "";
			};
			name = Debug;
		};
		BA49CA6D1D533FAA001DC190 /* Release */ = {
			isa = XCBuildConfiguration;
			baseConfigurationReference = CB096B7EC73BB7F1F3AE23F1 /* Pods-RANE_App.release.xcconfig */;
			buildSettings = {
				ASSETCATALOG_COMPILER_APPICON_NAME = AppIcon;
				CODE_SIGN_IDENTITY = "iPhone Developer: Kristine Eissing (MP25BQW4WP)";
				"CODE_SIGN_IDENTITY[sdk=iphoneos*]" = "iPhone Developer: Kristine Eissing (MP25BQW4WP)";
				FRAMEWORK_SEARCH_PATHS = (
					"$(inherited)",
					"$(PROJECT_DIR)",
				);
				INFOPLIST_FILE = RANE_App/Info.plist;
				IPHONEOS_DEPLOYMENT_TARGET = 8.0;
				LD_RUNPATH_SEARCH_PATHS = "$(inherited) @executable_path/Frameworks";
				OTHER_LDFLAGS = "$(inherited)";
				PRODUCT_BUNDLE_IDENTIFIER = com.ranenetwork.ranestage;
				PRODUCT_NAME = "$(TARGET_NAME)";
				PROVISIONING_PROFILE = "6d02b209-b853-4bd1-aa27-f0d492bc648f";
				SWIFT_OBJC_BRIDGING_HEADER = "";
			};
			name = Release;
		};
		BA49CA6F1D533FAA001DC190 /* Debug */ = {
			isa = XCBuildConfiguration;
			buildSettings = {
				BUNDLE_LOADER = "$(TEST_HOST)";
				INFOPLIST_FILE = RANE_AppTests/Info.plist;
				LD_RUNPATH_SEARCH_PATHS = "$(inherited) @executable_path/Frameworks @loader_path/Frameworks";
				PRODUCT_BUNDLE_IDENTIFIER = "com.sample.RANE-AppTests";
				PRODUCT_NAME = "$(TARGET_NAME)";
				TEST_HOST = "$(BUILT_PRODUCTS_DIR)/RANE_App.app/RANE_App";
			};
			name = Debug;
		};
		BA49CA701D533FAA001DC190 /* Release */ = {
			isa = XCBuildConfiguration;
			buildSettings = {
				BUNDLE_LOADER = "$(TEST_HOST)";
				INFOPLIST_FILE = RANE_AppTests/Info.plist;
				LD_RUNPATH_SEARCH_PATHS = "$(inherited) @executable_path/Frameworks @loader_path/Frameworks";
				PRODUCT_BUNDLE_IDENTIFIER = "com.sample.RANE-AppTests";
				PRODUCT_NAME = "$(TARGET_NAME)";
				TEST_HOST = "$(BUILT_PRODUCTS_DIR)/RANE_App.app/RANE_App";
			};
			name = Release;
		};
		BA49CA721D533FAA001DC190 /* Debug */ = {
			isa = XCBuildConfiguration;
			buildSettings = {
				INFOPLIST_FILE = RANE_AppUITests/Info.plist;
				LD_RUNPATH_SEARCH_PATHS = "$(inherited) @executable_path/Frameworks @loader_path/Frameworks";
				PRODUCT_BUNDLE_IDENTIFIER = "com.sample.RANE-AppUITests";
				PRODUCT_NAME = "$(TARGET_NAME)";
				TEST_TARGET_NAME = RANE_App;
			};
			name = Debug;
		};
		BA49CA731D533FAA001DC190 /* Release */ = {
			isa = XCBuildConfiguration;
			buildSettings = {
				INFOPLIST_FILE = RANE_AppUITests/Info.plist;
				LD_RUNPATH_SEARCH_PATHS = "$(inherited) @executable_path/Frameworks @loader_path/Frameworks";
				PRODUCT_BUNDLE_IDENTIFIER = "com.sample.RANE-AppUITests";
				PRODUCT_NAME = "$(TARGET_NAME)";
				TEST_TARGET_NAME = RANE_App;
			};
			name = Release;
		};
/* End XCBuildConfiguration section */

/* Begin XCConfigurationList section */
		BA49CA3B1D533FA9001DC190 /* Build configuration list for PBXProject "RANE_App" */ = {
			isa = XCConfigurationList;
			buildConfigurations = (
				BA49CA691D533FAA001DC190 /* Debug */,
				BA49CA6A1D533FAA001DC190 /* Release */,
			);
			defaultConfigurationIsVisible = 0;
			defaultConfigurationName = Release;
		};
		BA49CA6B1D533FAA001DC190 /* Build configuration list for PBXNativeTarget "RANE_App" */ = {
			isa = XCConfigurationList;
			buildConfigurations = (
				BA49CA6C1D533FAA001DC190 /* Debug */,
				BA49CA6D1D533FAA001DC190 /* Release */,
			);
			defaultConfigurationIsVisible = 0;
			defaultConfigurationName = Release;
		};
		BA49CA6E1D533FAA001DC190 /* Build configuration list for PBXNativeTarget "RANE_AppTests" */ = {
			isa = XCConfigurationList;
			buildConfigurations = (
				BA49CA6F1D533FAA001DC190 /* Debug */,
				BA49CA701D533FAA001DC190 /* Release */,
			);
			defaultConfigurationIsVisible = 0;
			defaultConfigurationName = Release;
		};
		BA49CA711D533FAA001DC190 /* Build configuration list for PBXNativeTarget "RANE_AppUITests" */ = {
			isa = XCConfigurationList;
			buildConfigurations = (
				BA49CA721D533FAA001DC190 /* Debug */,
				BA49CA731D533FAA001DC190 /* Release */,
			);
			defaultConfigurationIsVisible = 0;
			defaultConfigurationName = Release;
		};
/* End XCConfigurationList section */

/* Begin XCVersionGroup section */
		BA49CA4A1D533FA9001DC190 /* RANE_App.xcdatamodeld */ = {
			isa = XCVersionGroup;
			children = (
				BA49CA4B1D533FA9001DC190 /* RANE_App.xcdatamodel */,
			);
			currentVersion = BA49CA4B1D533FA9001DC190 /* RANE_App.xcdatamodel */;
			path = RANE_App.xcdatamodeld;
			sourceTree = "<group>";
			versionGroupType = wrapper.xcdatamodel;
		};
/* End XCVersionGroup section */
	};
	rootObject = BA49CA381D533FA9001DC190 /* Project object */;
}
